
Microsoft Visual Studio Solution File, Format Version 12.00
# Visual Studio 15
VisualStudioVersion = 15.0.28307.168
MinimumVisualStudioVersion = 10.0.40219.1
Project("{FAE04EC0-301F-11D3-BF4B-00C04F79EFBC}") = "AggregationService", "AggregationService\AggregationService.csproj", "{229A988D-00EC-44C1-91B6-141BB0696B70}"
EndProject
Project("{FAE04EC0-301F-11D3-BF4B-00C04F79EFBC}") = "AggregationServiceClient", "AggregationServiceClient\AggregationServiceClient.csproj", "{31CDA5F3-909F-474B-9EA4-51AE32D13CE3}"
EndProject
Global
	GlobalSection(SolutionConfigurationPlatforms) = preSolution
		Debug|Any CPU = Debug|Any CPU
		Release|Any CPU = Release|Any CPU
	EndGlobalSection
	GlobalSection(ProjectConfigurationPlatforms) = postSolution
		{229A988D-00EC-44C1-91B6-141BB0696B70}.Debug|Any CPU.ActiveCfg = Debug|Any CPU
		{229A988D-00EC-44C1-91B6-141BB0696B70}.Debug|Any CPU.Build.0 = Debug|Any CPU
		{229A988D-00EC-44C1-91B6-141BB0696B70}.Release|Any CPU.ActiveCfg = Release|Any CPU
		{229A988D-00EC-44C1-91B6-141BB0696B70}.Release|Any CPU.Build.0 = Release|Any CPU
		{31CDA5F3-909F-474B-9EA4-51AE32D13CE3}.Debug|Any CPU.ActiveCfg = Debug|Any CPU
		{31CDA5F3-909F-474B-9EA4-51AE32D13CE3}.Debug|Any CPU.Build.0 = Debug|Any CPU
		{31CDA5F3-909F-474B-9EA4-51AE32D13CE3}.Release|Any CPU.ActiveCfg = Release|Any CPU
		{31CDA5F3-909F-474B-9EA4-51AE32D13CE3}.Release|Any CPU.Build.0 = Release|Any CPU
	EndGlobalSection
	GlobalSection(SolutionProperties) = preSolution
		HideSolutionNode = FALSE
	EndGlobalSection
	GlobalSection(ExtensibilityGlobals) = postSolution
		SolutionGuid = {CEE29AC8-85C1-4918-9B4E-FE3D93D2AA91}
	EndGlobalSection
EndGlobal
